
Microsoft Visual Studio Solution File, Format Version 12.00
# Visual Studio Version 17
VisualStudioVersion = 17.0.31903.59
MinimumVisualStudioVersion = 10.0.40219.1
Project("{2150E333-8FDC-42A3-9474-1A3956D46DE8}") = "AuthService", "AuthService", "{54C27F26-71CB-9721-02CF-9E5332C2F895}"
EndProject
Project("{FAE04EC0-301F-11D3-BF4B-00C04F79EFBC}") = "AuthService.API", "AuthService\AuthService.API\AuthService.API.csproj", "{B6475E1E-4EA8-4855-9352-44A5047A8A22}"
EndProject
Project("{FAE04EC0-301F-11D3-BF4B-00C04F79EFBC}") = "AuthService.Application", "AuthService\AuthService.Application\AuthService.Application.csproj", "{9685FECC-F64D-4085-889C-508021178D2B}"
EndProject
Project("{FAE04EC0-301F-11D3-BF4B-00C04F79EFBC}") = "AuthService.Domain", "AuthService\AuthService.Domain\AuthService.Domain.csproj", "{89FC52D9-5DD8-4C71-8809-18460B463F47}"
EndProject
Project("{FAE04EC0-301F-11D3-BF4B-00C04F79EFBC}") = "AuthService.Infrastructure", "AuthService\AuthService.Infrastructure\AuthService.Infrastructure.csproj", "{5062DD28-0A38-4976-A064-19448C2C7C51}"
EndProject
Project("{FAE04EC0-301F-11D3-BF4B-00C04F79EFBC}") = "AuthService.Persistence", "AuthService\AuthService.Persistence\AuthService.Persistence.csproj", "{60A2582D-61DA-4061-BE6C-105B97CD7FDF}"
EndProject
Project("{FAE04EC0-301F-11D3-BF4B-00C04F79EFBC}") = "AuthService.Tests", "AuthService\AuthService.Tests\AuthService.Tests.csproj", "{34B0E288-3915-432E-B612-24940868A0A9}"
EndProject
Project("{2150E333-8FDC-42A3-9474-1A3956D46DE8}") = "NotificationService", "NotificationService", "{0BAE62A9-2200-0262-2CB5-8EE825167370}"
EndProject
Project("{FAE04EC0-301F-11D3-BF4B-00C04F79EFBC}") = "NotificationService.API", "NotificationService\NotificationService.API\NotificationService.API.csproj", "{8C185BA1-145B-4676-9F93-9C0E236DCDD9}"
EndProject
Project("{FAE04EC0-301F-11D3-BF4B-00C04F79EFBC}") = "NotificationService.Application", "NotificationService\NotificationService.Application\NotificationService.Application.csproj", "{EECD52A0-755E-429D-BF34-52CC442EC3D4}"
EndProject
Project("{FAE04EC0-301F-11D3-BF4B-00C04F79EFBC}") = "NotificationService.Domain", "NotificationService\NotificationService.Domain\NotificationService.Domain.csproj", "{354CBB09-61AE-462E-91F7-2763E4139467}"
EndProject
Project("{FAE04EC0-301F-11D3-BF4B-00C04F79EFBC}") = "NotificationService.Hubs", "NotificationService\NotificationService.Hubs\NotificationService.Hubs.csproj", "{F8BCB744-79C4-4E61-A2D2-65CC97431986}"
EndProject
Project("{FAE04EC0-301F-11D3-BF4B-00C04F79EFBC}") = "NotificationService.Infrastructure", "NotificationService\NotificationService.Infrastructure\NotificationService.Infrastructure.csproj", "{435E6B03-5A7D-4E33-A63C-7244471A5F57}"
EndProject
Project("{FAE04EC0-301F-11D3-BF4B-00C04F79EFBC}") = "NotificationService.Persistence", "NotificationService\NotificationService.Persistence\NotificationService.Persistence.csproj", "{ED4252FB-AB77-4913-A4A9-72A5ABB138C5}"
EndProject
Project("{FAE04EC0-301F-11D3-BF4B-00C04F79EFBC}") = "NotificationService.Tests", "NotificationService\NotificationService.Tests\NotificationService.Tests.csproj", "{A61E6046-1B97-41F3-A6E1-72F9105C98B2}"
EndProject
Project("{2150E333-8FDC-42A3-9474-1A3956D46DE8}") = "TaskService", "TaskService", "{CBBE3A7C-F29C-763E-FA3C-5FB0F6B21139}"
EndProject
Project("{FAE04EC0-301F-11D3-BF4B-00C04F79EFBC}") = "TaskService.API", "TaskService\TaskService.API\TaskService.API.csproj", "{F04C9BF5-D444-4392-B3C3-52C190107824}"
EndProject
Project("{FAE04EC0-301F-11D3-BF4B-00C04F79EFBC}") = "TaskService.Application", "TaskService\TaskService.Application\TaskService.Application.csproj", "{7CF37D4A-CB87-4782-8C68-5FB4811D890E}"
EndProject
Project("{FAE04EC0-301F-11D3-BF4B-00C04F79EFBC}") = "TaskService.Domain", "TaskService\TaskService.Domain\TaskService.Domain.csproj", "{5FBA9184-B22C-49FE-81B5-2C3EA802168E}"
EndProject
Project("{FAE04EC0-301F-11D3-BF4B-00C04F79EFBC}") = "TaskService.Infrastructure", "TaskService\TaskService.Infrastructure\TaskService.Infrastructure.csproj", "{7D48F47C-5C1C-4A9D-A631-BCF10BB33669}"
EndProject
Project("{FAE04EC0-301F-11D3-BF4B-00C04F79EFBC}") = "TaskService.Persistence", "TaskService\TaskService.Persistence\TaskService.Persistence.csproj", "{267CD547-D77A-4115-922C-81C204E665A1}"
EndProject
Project("{FAE04EC0-301F-11D3-BF4B-00C04F79EFBC}") = "TaskService.Tests", "TaskService\TaskService.Tests\TaskService.Tests.csproj", "{F6E0E592-7F40-42D6-857B-31C27660F335}"
EndProject
Project("{2150E333-8FDC-42A3-9474-1A3956D46DE8}") = "APIGateway", "APIGateway", "{25D181DD-5CC9-F0B3-C64F-91E1AA77FD70}"
EndProject
Project("{FAE04EC0-301F-11D3-BF4B-00C04F79EFBC}") = "APIGateway", "APIGateway\APIGateway\APIGateway.csproj", "{0F831891-6741-47EC-AA73-41EF1C011BF0}"
EndProject
Global
	GlobalSection(SolutionConfigurationPlatforms) = preSolution
		Debug|Any CPU = Debug|Any CPU
		Debug|x64 = Debug|x64
		Debug|x86 = Debug|x86
		Release|Any CPU = Release|Any CPU
		Release|x64 = Release|x64
		Release|x86 = Release|x86
	EndGlobalSection
	GlobalSection(ProjectConfigurationPlatforms) = postSolution
		{B6475E1E-4EA8-4855-9352-44A5047A8A22}.Debug|Any CPU.ActiveCfg = Debug|Any CPU
		{B6475E1E-4EA8-4855-9352-44A5047A8A22}.Debug|Any CPU.Build.0 = Debug|Any CPU
		{B6475E1E-4EA8-4855-9352-44A5047A8A22}.Debug|x64.ActiveCfg = Debug|Any CPU
		{B6475E1E-4EA8-4855-9352-44A5047A8A22}.Debug|x64.Build.0 = Debug|Any CPU
		{B6475E1E-4EA8-4855-9352-44A5047A8A22}.Debug|x86.ActiveCfg = Debug|Any CPU
		{B6475E1E-4EA8-4855-9352-44A5047A8A22}.Debug|x86.Build.0 = Debug|Any CPU
		{B6475E1E-4EA8-4855-9352-44A5047A8A22}.Release|Any CPU.ActiveCfg = Release|Any CPU
		{B6475E1E-4EA8-4855-9352-44A5047A8A22}.Release|Any CPU.Build.0 = Release|Any CPU
		{B6475E1E-4EA8-4855-9352-44A5047A8A22}.Release|x64.ActiveCfg = Release|Any CPU
		{B6475E1E-4EA8-4855-9352-44A5047A8A22}.Release|x64.Build.0 = Release|Any CPU
		{B6475E1E-4EA8-4855-9352-44A5047A8A22}.Release|x86.ActiveCfg = Release|Any CPU
		{B6475E1E-4EA8-4855-9352-44A5047A8A22}.Release|x86.Build.0 = Release|Any CPU
		{9685FECC-F64D-4085-889C-508021178D2B}.Debug|Any CPU.ActiveCfg = Debug|Any CPU
		{9685FECC-F64D-4085-889C-508021178D2B}.Debug|Any CPU.Build.0 = Debug|Any CPU
		{9685FECC-F64D-4085-889C-508021178D2B}.Debug|x64.ActiveCfg = Debug|Any CPU
		{9685FECC-F64D-4085-889C-508021178D2B}.Debug|x64.Build.0 = Debug|Any CPU
		{9685FECC-F64D-4085-889C-508021178D2B}.Debug|x86.ActiveCfg = Debug|Any CPU
		{9685FECC-F64D-4085-889C-508021178D2B}.Debug|x86.Build.0 = Debug|Any CPU
		{9685FECC-F64D-4085-889C-508021178D2B}.Release|Any CPU.ActiveCfg = Release|Any CPU
		{9685FECC-F64D-4085-889C-508021178D2B}.Release|Any CPU.Build.0 = Release|Any CPU
		{9685FECC-F64D-4085-889C-508021178D2B}.Release|x64.ActiveCfg = Release|Any CPU
		{9685FECC-F64D-4085-889C-508021178D2B}.Release|x64.Build.0 = Release|Any CPU
		{9685FECC-F64D-4085-889C-508021178D2B}.Release|x86.ActiveCfg = Release|Any CPU
		{9685FECC-F64D-4085-889C-508021178D2B}.Release|x86.Build.0 = Release|Any CPU
		{89FC52D9-5DD8-4C71-8809-18460B463F47}.Debug|Any CPU.ActiveCfg = Debug|Any CPU
		{89FC52D9-5DD8-4C71-8809-18460B463F47}.Debug|Any CPU.Build.0 = Debug|Any CPU
		{89FC52D9-5DD8-4C71-8809-18460B463F47}.Debug|x64.ActiveCfg = Debug|Any CPU
		{89FC52D9-5DD8-4C71-8809-18460B463F47}.Debug|x64.Build.0 = Debug|Any CPU
		{89FC52D9-5DD8-4C71-8809-18460B463F47}.Debug|x86.ActiveCfg = Debug|Any CPU
		{89FC52D9-5DD8-4C71-8809-18460B463F47}.Debug|x86.Build.0 = Debug|Any CPU
		{89FC52D9-5DD8-4C71-8809-18460B463F47}.Release|Any CPU.ActiveCfg = Release|Any CPU
		{89FC52D9-5DD8-4C71-8809-18460B463F47}.Release|Any CPU.Build.0 = Release|Any CPU
		{89FC52D9-5DD8-4C71-8809-18460B463F47}.Release|x64.ActiveCfg = Release|Any CPU
		{89FC52D9-5DD8-4C71-8809-18460B463F47}.Release|x64.Build.0 = Release|Any CPU
		{89FC52D9-5DD8-4C71-8809-18460B463F47}.Release|x86.ActiveCfg = Release|Any CPU
		{89FC52D9-5DD8-4C71-8809-18460B463F47}.Release|x86.Build.0 = Release|Any CPU
		{5062DD28-0A38-4976-A064-19448C2C7C51}.Debug|Any CPU.ActiveCfg = Debug|Any CPU
		{5062DD28-0A38-4976-A064-19448C2C7C51}.Debug|Any CPU.Build.0 = Debug|Any CPU
		{5062DD28-0A38-4976-A064-19448C2C7C51}.Debug|x64.ActiveCfg = Debug|Any CPU
		{5062DD28-0A38-4976-A064-19448C2C7C51}.Debug|x64.Build.0 = Debug|Any CPU
		{5062DD28-0A38-4976-A064-19448C2C7C51}.Debug|x86.ActiveCfg = Debug|Any CPU
		{5062DD28-0A38-4976-A064-19448C2C7C51}.Debug|x86.Build.0 = Debug|Any CPU
		{5062DD28-0A38-4976-A064-19448C2C7C51}.Release|Any CPU.ActiveCfg = Release|Any CPU
		{5062DD28-0A38-4976-A064-19448C2C7C51}.Release|Any CPU.Build.0 = Release|Any CPU
		{5062DD28-0A38-4976-A064-19448C2C7C51}.Release|x64.ActiveCfg = Release|Any CPU
		{5062DD28-0A38-4976-A064-19448C2C7C51}.Release|x64.Build.0 = Release|Any CPU
		{5062DD28-0A38-4976-A064-19448C2C7C51}.Release|x86.ActiveCfg = Release|Any CPU
		{5062DD28-0A38-4976-A064-19448C2C7C51}.Release|x86.Build.0 = Release|Any CPU
		{60A2582D-61DA-4061-BE6C-105B97CD7FDF}.Debug|Any CPU.ActiveCfg = Debug|Any CPU
		{60A2582D-61DA-4061-BE6C-105B97CD7FDF}.Debug|Any CPU.Build.0 = Debug|Any CPU
		{60A2582D-61DA-4061-BE6C-105B97CD7FDF}.Debug|x64.ActiveCfg = Debug|Any CPU
		{60A2582D-61DA-4061-BE6C-105B97CD7FDF}.Debug|x64.Build.0 = Debug|Any CPU
		{60A2582D-61DA-4061-BE6C-105B97CD7FDF}.Debug|x86.ActiveCfg = Debug|Any CPU
		{60A2582D-61DA-4061-BE6C-105B97CD7FDF}.Debug|x86.Build.0 = Debug|Any CPU
		{60A2582D-61DA-4061-BE6C-105B97CD7FDF}.Release|Any CPU.ActiveCfg = Release|Any CPU
		{60A2582D-61DA-4061-BE6C-105B97CD7FDF}.Release|Any CPU.Build.0 = Release|Any CPU
		{60A2582D-61DA-4061-BE6C-105B97CD7FDF}.Release|x64.ActiveCfg = Release|Any CPU
		{60A2582D-61DA-4061-BE6C-105B97CD7FDF}.Release|x64.Build.0 = Release|Any CPU
		{60A2582D-61DA-4061-BE6C-105B97CD7FDF}.Release|x86.ActiveCfg = Release|Any CPU
		{60A2582D-61DA-4061-BE6C-105B97CD7FDF}.Release|x86.Build.0 = Release|Any CPU
		{34B0E288-3915-432E-B612-24940868A0A9}.Debug|Any CPU.ActiveCfg = Debug|Any CPU
		{34B0E288-3915-432E-B612-24940868A0A9}.Debug|Any CPU.Build.0 = Debug|Any CPU
		{34B0E288-3915-432E-B612-24940868A0A9}.Debug|x64.ActiveCfg = Debug|Any CPU
		{34B0E288-3915-432E-B612-24940868A0A9}.Debug|x64.Build.0 = Debug|Any CPU
		{34B0E288-3915-432E-B612-24940868A0A9}.Debug|x86.ActiveCfg = Debug|Any CPU
		{34B0E288-3915-432E-B612-24940868A0A9}.Debug|x86.Build.0 = Debug|Any CPU
		{34B0E288-3915-432E-B612-24940868A0A9}.Release|Any CPU.ActiveCfg = Release|Any CPU
		{34B0E288-3915-432E-B612-24940868A0A9}.Release|Any CPU.Build.0 = Release|Any CPU
		{34B0E288-3915-432E-B612-24940868A0A9}.Release|x64.ActiveCfg = Release|Any CPU
		{34B0E288-3915-432E-B612-24940868A0A9}.Release|x64.Build.0 = Release|Any CPU
		{34B0E288-3915-432E-B612-24940868A0A9}.Release|x86.ActiveCfg = Release|Any CPU
		{34B0E288-3915-432E-B612-24940868A0A9}.Release|x86.Build.0 = Release|Any CPU
		{8C185BA1-145B-4676-9F93-9C0E236DCDD9}.Debug|Any CPU.ActiveCfg = Debug|Any CPU
		{8C185BA1-145B-4676-9F93-9C0E236DCDD9}.Debug|Any CPU.Build.0 = Debug|Any CPU
		{8C185BA1-145B-4676-9F93-9C0E236DCDD9}.Debug|x64.ActiveCfg = Debug|Any CPU
		{8C185BA1-145B-4676-9F93-9C0E236DCDD9}.Debug|x64.Build.0 = Debug|Any CPU
		{8C185BA1-145B-4676-9F93-9C0E236DCDD9}.Debug|x86.ActiveCfg = Debug|Any CPU
		{8C185BA1-145B-4676-9F93-9C0E236DCDD9}.Debug|x86.Build.0 = Debug|Any CPU
		{8C185BA1-145B-4676-9F93-9C0E236DCDD9}.Release|Any CPU.ActiveCfg = Release|Any CPU
		{8C185BA1-145B-4676-9F93-9C0E236DCDD9}.Release|Any CPU.Build.0 = Release|Any CPU
		{8C185BA1-145B-4676-9F93-9C0E236DCDD9}.Release|x64.ActiveCfg = Release|Any CPU
		{8C185BA1-145B-4676-9F93-9C0E236DCDD9}.Release|x64.Build.0 = Release|Any CPU
		{8C185BA1-145B-4676-9F93-9C0E236DCDD9}.Release|x86.ActiveCfg = Release|Any CPU
		{8C185BA1-145B-4676-9F93-9C0E236DCDD9}.Release|x86.Build.0 = Release|Any CPU
		{EECD52A0-755E-429D-BF34-52CC442EC3D4}.Debug|Any CPU.ActiveCfg = Debug|Any CPU
		{EECD52A0-755E-429D-BF34-52CC442EC3D4}.Debug|Any CPU.Build.0 = Debug|Any CPU
		{EECD52A0-755E-429D-BF34-52CC442EC3D4}.Debug|x64.ActiveCfg = Debug|Any CPU
		{EECD52A0-755E-429D-BF34-52CC442EC3D4}.Debug|x64.Build.0 = Debug|Any CPU
		{EECD52A0-755E-429D-BF34-52CC442EC3D4}.Debug|x86.ActiveCfg = Debug|Any CPU
		{EECD52A0-755E-429D-BF34-52CC442EC3D4}.Debug|x86.Build.0 = Debug|Any CPU
		{EECD52A0-755E-429D-BF34-52CC442EC3D4}.Release|Any CPU.ActiveCfg = Release|Any CPU
		{EECD52A0-755E-429D-BF34-52CC442EC3D4}.Release|Any CPU.Build.0 = Release|Any CPU
		{EECD52A0-755E-429D-BF34-52CC442EC3D4}.Release|x64.ActiveCfg = Release|Any CPU
		{EECD52A0-755E-429D-BF34-52CC442EC3D4}.Release|x64.Build.0 = Release|Any CPU
		{EECD52A0-755E-429D-BF34-52CC442EC3D4}.Release|x86.ActiveCfg = Release|Any CPU
		{EECD52A0-755E-429D-BF34-52CC442EC3D4}.Release|x86.Build.0 = Release|Any CPU
		{354CBB09-61AE-462E-91F7-2763E4139467}.Debug|Any CPU.ActiveCfg = Debug|Any CPU
		{354CBB09-61AE-462E-91F7-2763E4139467}.Debug|Any CPU.Build.0 = Debug|Any CPU
		{354CBB09-61AE-462E-91F7-2763E4139467}.Debug|x64.ActiveCfg = Debug|Any CPU
		{354CBB09-61AE-462E-91F7-2763E4139467}.Debug|x64.Build.0 = Debug|Any CPU
		{354CBB09-61AE-462E-91F7-2763E4139467}.Debug|x86.ActiveCfg = Debug|Any CPU
		{354CBB09-61AE-462E-91F7-2763E4139467}.Debug|x86.Build.0 = Debug|Any CPU
		{354CBB09-61AE-462E-91F7-2763E4139467}.Release|Any CPU.ActiveCfg = Release|Any CPU
		{354CBB09-61AE-462E-91F7-2763E4139467}.Release|Any CPU.Build.0 = Release|Any CPU
		{354CBB09-61AE-462E-91F7-2763E4139467}.Release|x64.ActiveCfg = Release|Any CPU
		{354CBB09-61AE-462E-91F7-2763E4139467}.Release|x64.Build.0 = Release|Any CPU
		{354CBB09-61AE-462E-91F7-2763E4139467}.Release|x86.ActiveCfg = Release|Any CPU
		{354CBB09-61AE-462E-91F7-2763E4139467}.Release|x86.Build.0 = Release|Any CPU
		{F8BCB744-79C4-4E61-A2D2-65CC97431986}.Debug|Any CPU.ActiveCfg = Debug|Any CPU
		{F8BCB744-79C4-4E61-A2D2-65CC97431986}.Debug|Any CPU.Build.0 = Debug|Any CPU
		{F8BCB744-79C4-4E61-A2D2-65CC97431986}.Debug|x64.ActiveCfg = Debug|Any CPU
		{F8BCB744-79C4-4E61-A2D2-65CC97431986}.Debug|x64.Build.0 = Debug|Any CPU
		{F8BCB744-79C4-4E61-A2D2-65CC97431986}.Debug|x86.ActiveCfg = Debug|Any CPU
		{F8BCB744-79C4-4E61-A2D2-65CC97431986}.Debug|x86.Build.0 = Debug|Any CPU
		{F8BCB744-79C4-4E61-A2D2-65CC97431986}.Release|Any CPU.ActiveCfg = Release|Any CPU
		{F8BCB744-79C4-4E61-A2D2-65CC97431986}.Release|Any CPU.Build.0 = Release|Any CPU
		{F8BCB744-79C4-4E61-A2D2-65CC97431986}.Release|x64.ActiveCfg = Release|Any CPU
		{F8BCB744-79C4-4E61-A2D2-65CC97431986}.Release|x64.Build.0 = Release|Any CPU
		{F8BCB744-79C4-4E61-A2D2-65CC97431986}.Release|x86.ActiveCfg = Release|Any CPU
		{F8BCB744-79C4-4E61-A2D2-65CC97431986}.Release|x86.Build.0 = Release|Any CPU
		{435E6B03-5A7D-4E33-A63C-7244471A5F57}.Debug|Any CPU.ActiveCfg = Debug|Any CPU
		{435E6B03-5A7D-4E33-A63C-7244471A5F57}.Debug|Any CPU.Build.0 = Debug|Any CPU
		{435E6B03-5A7D-4E33-A63C-7244471A5F57}.Debug|x64.ActiveCfg = Debug|Any CPU
		{435E6B03-5A7D-4E33-A63C-7244471A5F57}.Debug|x64.Build.0 = Debug|Any CPU
		{435E6B03-5A7D-4E33-A63C-7244471A5F57}.Debug|x86.ActiveCfg = Debug|Any CPU
		{435E6B03-5A7D-4E33-A63C-7244471A5F57}.Debug|x86.Build.0 = Debug|Any CPU
		{435E6B03-5A7D-4E33-A63C-7244471A5F57}.Release|Any CPU.ActiveCfg = Release|Any CPU
		{435E6B03-5A7D-4E33-A63C-7244471A5F57}.Release|Any CPU.Build.0 = Release|Any CPU
		{435E6B03-5A7D-4E33-A63C-7244471A5F57}.Release|x64.ActiveCfg = Release|Any CPU
		{435E6B03-5A7D-4E33-A63C-7244471A5F57}.Release|x64.Build.0 = Release|Any CPU
		{435E6B03-5A7D-4E33-A63C-7244471A5F57}.Release|x86.ActiveCfg = Release|Any CPU
		{435E6B03-5A7D-4E33-A63C-7244471A5F57}.Release|x86.Build.0 = Release|Any CPU
		{ED4252FB-AB77-4913-A4A9-72A5ABB138C5}.Debug|Any CPU.ActiveCfg = Debug|Any CPU
		{ED4252FB-AB77-4913-A4A9-72A5ABB138C5}.Debug|Any CPU.Build.0 = Debug|Any CPU
		{ED4252FB-AB77-4913-A4A9-72A5ABB138C5}.Debug|x64.ActiveCfg = Debug|Any CPU
		{ED4252FB-AB77-4913-A4A9-72A5ABB138C5}.Debug|x64.Build.0 = Debug|Any CPU
		{ED4252FB-AB77-4913-A4A9-72A5ABB138C5}.Debug|x86.ActiveCfg = Debug|Any CPU
		{ED4252FB-AB77-4913-A4A9-72A5ABB138C5}.Debug|x86.Build.0 = Debug|Any CPU
		{ED4252FB-AB77-4913-A4A9-72A5ABB138C5}.Release|Any CPU.ActiveCfg = Release|Any CPU
		{ED4252FB-AB77-4913-A4A9-72A5ABB138C5}.Release|Any CPU.Build.0 = Release|Any CPU
		{ED4252FB-AB77-4913-A4A9-72A5ABB138C5}.Release|x64.ActiveCfg = Release|Any CPU
		{ED4252FB-AB77-4913-A4A9-72A5ABB138C5}.Release|x64.Build.0 = Release|Any CPU
		{ED4252FB-AB77-4913-A4A9-72A5ABB138C5}.Release|x86.ActiveCfg = Release|Any CPU
		{ED4252FB-AB77-4913-A4A9-72A5ABB138C5}.Release|x86.Build.0 = Release|Any CPU
		{A61E6046-1B97-41F3-A6E1-72F9105C98B2}.Debug|Any CPU.ActiveCfg = Debug|Any CPU
		{A61E6046-1B97-41F3-A6E1-72F9105C98B2}.Debug|Any CPU.Build.0 = Debug|Any CPU
		{A61E6046-1B97-41F3-A6E1-72F9105C98B2}.Debug|x64.ActiveCfg = Debug|Any CPU
		{A61E6046-1B97-41F3-A6E1-72F9105C98B2}.Debug|x64.Build.0 = Debug|Any CPU
		{A61E6046-1B97-41F3-A6E1-72F9105C98B2}.Debug|x86.ActiveCfg = Debug|Any CPU
		{A61E6046-1B97-41F3-A6E1-72F9105C98B2}.Debug|x86.Build.0 = Debug|Any CPU
		{A61E6046-1B97-41F3-A6E1-72F9105C98B2}.Release|Any CPU.ActiveCfg = Release|Any CPU
		{A61E6046-1B97-41F3-A6E1-72F9105C98B2}.Release|Any CPU.Build.0 = Release|Any CPU
		{A61E6046-1B97-41F3-A6E1-72F9105C98B2}.Release|x64.ActiveCfg = Release|Any CPU
		{A61E6046-1B97-41F3-A6E1-72F9105C98B2}.Release|x64.Build.0 = Release|Any CPU
		{A61E6046-1B97-41F3-A6E1-72F9105C98B2}.Release|x86.ActiveCfg = Release|Any CPU
		{A61E6046-1B97-41F3-A6E1-72F9105C98B2}.Release|x86.Build.0 = Release|Any CPU
		{F04C9BF5-D444-4392-B3C3-52C190107824}.Debug|Any CPU.ActiveCfg = Debug|Any CPU
		{F04C9BF5-D444-4392-B3C3-52C190107824}.Debug|Any CPU.Build.0 = Debug|Any CPU
		{F04C9BF5-D444-4392-B3C3-52C190107824}.Debug|x64.ActiveCfg = Debug|Any CPU
		{F04C9BF5-D444-4392-B3C3-52C190107824}.Debug|x64.Build.0 = Debug|Any CPU
		{F04C9BF5-D444-4392-B3C3-52C190107824}.Debug|x86.ActiveCfg = Debug|Any CPU
		{F04C9BF5-D444-4392-B3C3-52C190107824}.Debug|x86.Build.0 = Debug|Any CPU
		{F04C9BF5-D444-4392-B3C3-52C190107824}.Release|Any CPU.ActiveCfg = Release|Any CPU
		{F04C9BF5-D444-4392-B3C3-52C190107824}.Release|Any CPU.Build.0 = Release|Any CPU
		{F04C9BF5-D444-4392-B3C3-52C190107824}.Release|x64.ActiveCfg = Release|Any CPU
		{F04C9BF5-D444-4392-B3C3-52C190107824}.Release|x64.Build.0 = Release|Any CPU
		{F04C9BF5-D444-4392-B3C3-52C190107824}.Release|x86.ActiveCfg = Release|Any CPU
		{F04C9BF5-D444-4392-B3C3-52C190107824}.Release|x86.Build.0 = Release|Any CPU
		{7CF37D4A-CB87-4782-8C68-5FB4811D890E}.Debug|Any CPU.ActiveCfg = Debug|Any CPU
		{7CF37D4A-CB87-4782-8C68-5FB4811D890E}.Debug|Any CPU.Build.0 = Debug|Any CPU
		{7CF37D4A-CB87-4782-8C68-5FB4811D890E}.Debug|x64.ActiveCfg = Debug|Any CPU
		{7CF37D4A-CB87-4782-8C68-5FB4811D890E}.Debug|x64.Build.0 = Debug|Any CPU
		{7CF37D4A-CB87-4782-8C68-5FB4811D890E}.Debug|x86.ActiveCfg = Debug|Any CPU
		{7CF37D4A-CB87-4782-8C68-5FB4811D890E}.Debug|x86.Build.0 = Debug|Any CPU
		{7CF37D4A-CB87-4782-8C68-5FB4811D890E}.Release|Any CPU.ActiveCfg = Release|Any CPU
		{7CF37D4A-CB87-4782-8C68-5FB4811D890E}.Release|Any CPU.Build.0 = Release|Any CPU
		{7CF37D4A-CB87-4782-8C68-5FB4811D890E}.Release|x64.ActiveCfg = Release|Any CPU
		{7CF37D4A-CB87-4782-8C68-5FB4811D890E}.Release|x64.Build.0 = Release|Any CPU
		{7CF37D4A-CB87-4782-8C68-5FB4811D890E}.Release|x86.ActiveCfg = Release|Any CPU
		{7CF37D4A-CB87-4782-8C68-5FB4811D890E}.Release|x86.Build.0 = Release|Any CPU
		{5FBA9184-B22C-49FE-81B5-2C3EA802168E}.Debug|Any CPU.ActiveCfg = Debug|Any CPU
		{5FBA9184-B22C-49FE-81B5-2C3EA802168E}.Debug|Any CPU.Build.0 = Debug|Any CPU
		{5FBA9184-B22C-49FE-81B5-2C3EA802168E}.Debug|x64.ActiveCfg = Debug|Any CPU
		{5FBA9184-B22C-49FE-81B5-2C3EA802168E}.Debug|x64.Build.0 = Debug|Any CPU
		{5FBA9184-B22C-49FE-81B5-2C3EA802168E}.Debug|x86.ActiveCfg = Debug|Any CPU
		{5FBA9184-B22C-49FE-81B5-2C3EA802168E}.Debug|x86.Build.0 = Debug|Any CPU
		{5FBA9184-B22C-49FE-81B5-2C3EA802168E}.Release|Any CPU.ActiveCfg = Release|Any CPU
		{5FBA9184-B22C-49FE-81B5-2C3EA802168E}.Release|Any CPU.Build.0 = Release|Any CPU
		{5FBA9184-B22C-49FE-81B5-2C3EA802168E}.Release|x64.ActiveCfg = Release|Any CPU
		{5FBA9184-B22C-49FE-81B5-2C3EA802168E}.Release|x64.Build.0 = Release|Any CPU
		{5FBA9184-B22C-49FE-81B5-2C3EA802168E}.Release|x86.ActiveCfg = Release|Any CPU
		{5FBA9184-B22C-49FE-81B5-2C3EA802168E}.Release|x86.Build.0 = Release|Any CPU
		{7D48F47C-5C1C-4A9D-A631-BCF10BB33669}.Debug|Any CPU.ActiveCfg = Debug|Any CPU
		{7D48F47C-5C1C-4A9D-A631-BCF10BB33669}.Debug|Any CPU.Build.0 = Debug|Any CPU
		{7D48F47C-5C1C-4A9D-A631-BCF10BB33669}.Debug|x64.ActiveCfg = Debug|Any CPU
		{7D48F47C-5C1C-4A9D-A631-BCF10BB33669}.Debug|x64.Build.0 = Debug|Any CPU
		{7D48F47C-5C1C-4A9D-A631-BCF10BB33669}.Debug|x86.ActiveCfg = Debug|Any CPU
		{7D48F47C-5C1C-4A9D-A631-BCF10BB33669}.Debug|x86.Build.0 = Debug|Any CPU
		{7D48F47C-5C1C-4A9D-A631-BCF10BB33669}.Release|Any CPU.ActiveCfg = Release|Any CPU
		{7D48F47C-5C1C-4A9D-A631-BCF10BB33669}.Release|Any CPU.Build.0 = Release|Any CPU
		{7D48F47C-5C1C-4A9D-A631-BCF10BB33669}.Release|x64.ActiveCfg = Release|Any CPU
		{7D48F47C-5C1C-4A9D-A631-BCF10BB33669}.Release|x64.Build.0 = Release|Any CPU
		{7D48F47C-5C1C-4A9D-A631-BCF10BB33669}.Release|x86.ActiveCfg = Release|Any CPU
		{7D48F47C-5C1C-4A9D-A631-BCF10BB33669}.Release|x86.Build.0 = Release|Any CPU
		{267CD547-D77A-4115-922C-81C204E665A1}.Debug|Any CPU.ActiveCfg = Debug|Any CPU
		{267CD547-D77A-4115-922C-81C204E665A1}.Debug|Any CPU.Build.0 = Debug|Any CPU
		{267CD547-D77A-4115-922C-81C204E665A1}.Debug|x64.ActiveCfg = Debug|Any CPU
		{267CD547-D77A-4115-922C-81C204E665A1}.Debug|x64.Build.0 = Debug|Any CPU
		{267CD547-D77A-4115-922C-81C204E665A1}.Debug|x86.ActiveCfg = Debug|Any CPU
		{267CD547-D77A-4115-922C-81C204E665A1}.Debug|x86.Build.0 = Debug|Any CPU
		{267CD547-D77A-4115-922C-81C204E665A1}.Release|Any CPU.ActiveCfg = Release|Any CPU
		{267CD547-D77A-4115-922C-81C204E665A1}.Release|Any CPU.Build.0 = Release|Any CPU
		{267CD547-D77A-4115-922C-81C204E665A1}.Release|x64.ActiveCfg = Release|Any CPU
		{267CD547-D77A-4115-922C-81C204E665A1}.Release|x64.Build.0 = Release|Any CPU
		{267CD547-D77A-4115-922C-81C204E665A1}.Release|x86.ActiveCfg = Release|Any CPU
		{267CD547-D77A-4115-922C-81C204E665A1}.Release|x86.Build.0 = Release|Any CPU
		{F6E0E592-7F40-42D6-857B-31C27660F335}.Debug|Any CPU.ActiveCfg = Debug|Any CPU
		{F6E0E592-7F40-42D6-857B-31C27660F335}.Debug|Any CPU.Build.0 = Debug|Any CPU
		{F6E0E592-7F40-42D6-857B-31C27660F335}.Debug|x64.ActiveCfg = Debug|Any CPU
		{F6E0E592-7F40-42D6-857B-31C27660F335}.Debug|x64.Build.0 = Debug|Any CPU
		{F6E0E592-7F40-42D6-857B-31C27660F335}.Debug|x86.ActiveCfg = Debug|Any CPU
		{F6E0E592-7F40-42D6-857B-31C27660F335}.Debug|x86.Build.0 = Debug|Any CPU
		{F6E0E592-7F40-42D6-857B-31C27660F335}.Release|Any CPU.ActiveCfg = Release|Any CPU
		{F6E0E592-7F40-42D6-857B-31C27660F335}.Release|Any CPU.Build.0 = Release|Any CPU
		{F6E0E592-7F40-42D6-857B-31C27660F335}.Release|x64.ActiveCfg = Release|Any CPU
		{F6E0E592-7F40-42D6-857B-31C27660F335}.Release|x64.Build.0 = Release|Any CPU
		{F6E0E592-7F40-42D6-857B-31C27660F335}.Release|x86.ActiveCfg = Release|Any CPU
		{F6E0E592-7F40-42D6-857B-31C27660F335}.Release|x86.Build.0 = Release|Any CPU
		{0F831891-6741-47EC-AA73-41EF1C011BF0}.Debug|Any CPU.ActiveCfg = Debug|Any CPU
		{0F831891-6741-47EC-AA73-41EF1C011BF0}.Debug|Any CPU.Build.0 = Debug|Any CPU
		{0F831891-6741-47EC-AA73-41EF1C011BF0}.Debug|x64.ActiveCfg = Debug|Any CPU
		{0F831891-6741-47EC-AA73-41EF1C011BF0}.Debug|x64.Build.0 = Debug|Any CPU
		{0F831891-6741-47EC-AA73-41EF1C011BF0}.Debug|x86.ActiveCfg = Debug|Any CPU
		{0F831891-6741-47EC-AA73-41EF1C011BF0}.Debug|x86.Build.0 = Debug|Any CPU
		{0F831891-6741-47EC-AA73-41EF1C011BF0}.Release|Any CPU.ActiveCfg = Release|Any CPU
		{0F831891-6741-47EC-AA73-41EF1C011BF0}.Release|Any CPU.Build.0 = Release|Any CPU
		{0F831891-6741-47EC-AA73-41EF1C011BF0}.Release|x64.ActiveCfg = Release|Any CPU
		{0F831891-6741-47EC-AA73-41EF1C011BF0}.Release|x64.Build.0 = Release|Any CPU
		{0F831891-6741-47EC-AA73-41EF1C011BF0}.Release|x86.ActiveCfg = Release|Any CPU
		{0F831891-6741-47EC-AA73-41EF1C011BF0}.Release|x86.Build.0 = Release|Any CPU
	EndGlobalSection
	GlobalSection(SolutionProperties) = preSolution
		HideSolutionNode = FALSE
	EndGlobalSection
	GlobalSection(NestedProjects) = preSolution
		{B6475E1E-4EA8-4855-9352-44A5047A8A22} = {54C27F26-71CB-9721-02CF-9E5332C2F895}
		{9685FECC-F64D-4085-889C-508021178D2B} = {54C27F26-71CB-9721-02CF-9E5332C2F895}
		{89FC52D9-5DD8-4C71-8809-18460B463F47} = {54C27F26-71CB-9721-02CF-9E5332C2F895}
		{5062DD28-0A38-4976-A064-19448C2C7C51} = {54C27F26-71CB-9721-02CF-9E5332C2F895}
		{60A2582D-61DA-4061-BE6C-105B97CD7FDF} = {54C27F26-71CB-9721-02CF-9E5332C2F895}
		{34B0E288-3915-432E-B612-24940868A0A9} = {54C27F26-71CB-9721-02CF-9E5332C2F895}
		{8C185BA1-145B-4676-9F93-9C0E236DCDD9} = {0BAE62A9-2200-0262-2CB5-8EE825167370}
		{EECD52A0-755E-429D-BF34-52CC442EC3D4} = {0BAE62A9-2200-0262-2CB5-8EE825167370}
		{354CBB09-61AE-462E-91F7-2763E4139467} = {0BAE62A9-2200-0262-2CB5-8EE825167370}
		{F8BCB744-79C4-4E61-A2D2-65CC97431986} = {0BAE62A9-2200-0262-2CB5-8EE825167370}
		{435E6B03-5A7D-4E33-A63C-7244471A5F57} = {0BAE62A9-2200-0262-2CB5-8EE825167370}
		{ED4252FB-AB77-4913-A4A9-72A5ABB138C5} = {0BAE62A9-2200-0262-2CB5-8EE825167370}
		{A61E6046-1B97-41F3-A6E1-72F9105C98B2} = {0BAE62A9-2200-0262-2CB5-8EE825167370}
		{F04C9BF5-D444-4392-B3C3-52C190107824} = {CBBE3A7C-F29C-763E-FA3C-5FB0F6B21139}
		{7CF37D4A-CB87-4782-8C68-5FB4811D890E} = {CBBE3A7C-F29C-763E-FA3C-5FB0F6B21139}
		{5FBA9184-B22C-49FE-81B5-2C3EA802168E} = {CBBE3A7C-F29C-763E-FA3C-5FB0F6B21139}
		{7D48F47C-5C1C-4A9D-A631-BCF10BB33669} = {CBBE3A7C-F29C-763E-FA3C-5FB0F6B21139}
		{267CD547-D77A-4115-922C-81C204E665A1} = {CBBE3A7C-F29C-763E-FA3C-5FB0F6B21139}
		{F6E0E592-7F40-42D6-857B-31C27660F335} = {CBBE3A7C-F29C-763E-FA3C-5FB0F6B21139}
		{0F831891-6741-47EC-AA73-41EF1C011BF0} = {25D181DD-5CC9-F0B3-C64F-91E1AA77FD70}
	EndGlobalSection
EndGlobal
