
Microsoft Visual Studio Solution File, Format Version 12.00
# Visual Studio Version 17
VisualStudioVersion = 17.0.31903.59
MinimumVisualStudioVersion = 10.0.40219.1
Project("{FAE04EC0-301F-11D3-BF4B-00C04F79EFBC}") = "TaskService.API", "TaskService.API\TaskService.API.csproj", "{3B942006-975A-4132-B285-5F86BA4244FE}"
EndProject
Project("{FAE04EC0-301F-11D3-BF4B-00C04F79EFBC}") = "TaskService.Application", "TaskService.Application\TaskService.Application.csproj", "{72271608-4E2F-4BD5-B320-5D11E0B4A224}"
EndProject
Project("{FAE04EC0-301F-11D3-BF4B-00C04F79EFBC}") = "TaskService.Domain", "TaskService.Domain\TaskService.Domain.csproj", "{E5CE9613-0F24-40C9-912E-2E76A59D2EBC}"
EndProject
Project("{FAE04EC0-301F-11D3-BF4B-00C04F79EFBC}") = "TaskService.Infrastructure", "TaskService.Infrastructure\TaskService.Infrastructure.csproj", "{11076734-12F0-4687-B56F-A095EC7AC64A}"
EndProject
Project("{FAE04EC0-301F-11D3-BF4B-00C04F79EFBC}") = "TaskService.Persistence", "TaskService.Persistence\TaskService.Persistence.csproj", "{B7A0F974-6EFD-4006-BD9B-1768C22E47A1}"
EndProject
Project("{FAE04EC0-301F-11D3-BF4B-00C04F79EFBC}") = "TaskService.Tests", "TaskService.Tests\TaskService.Tests.csproj", "{B3F8BA75-CAF0-486F-A5A9-C2ABA73EB04D}"
EndProject
Global
	GlobalSection(SolutionConfigurationPlatforms) = preSolution
		Debug|Any CPU = Debug|Any CPU
		Debug|x64 = Debug|x64
		Debug|x86 = Debug|x86
		Release|Any CPU = Release|Any CPU
		Release|x64 = Release|x64
		Release|x86 = Release|x86
	EndGlobalSection
	GlobalSection(ProjectConfigurationPlatforms) = postSolution
		{3B942006-975A-4132-B285-5F86BA4244FE}.Debug|Any CPU.ActiveCfg = Debug|Any CPU
		{3B942006-975A-4132-B285-5F86BA4244FE}.Debug|Any CPU.Build.0 = Debug|Any CPU
		{3B942006-975A-4132-B285-5F86BA4244FE}.Debug|x64.ActiveCfg = Debug|Any CPU
		{3B942006-975A-4132-B285-5F86BA4244FE}.Debug|x64.Build.0 = Debug|Any CPU
		{3B942006-975A-4132-B285-5F86BA4244FE}.Debug|x86.ActiveCfg = Debug|Any CPU
		{3B942006-975A-4132-B285-5F86BA4244FE}.Debug|x86.Build.0 = Debug|Any CPU
		{3B942006-975A-4132-B285-5F86BA4244FE}.Release|Any CPU.ActiveCfg = Release|Any CPU
		{3B942006-975A-4132-B285-5F86BA4244FE}.Release|Any CPU.Build.0 = Release|Any CPU
		{3B942006-975A-4132-B285-5F86BA4244FE}.Release|x64.ActiveCfg = Release|Any CPU
		{3B942006-975A-4132-B285-5F86BA4244FE}.Release|x64.Build.0 = Release|Any CPU
		{3B942006-975A-4132-B285-5F86BA4244FE}.Release|x86.ActiveCfg = Release|Any CPU
		{3B942006-975A-4132-B285-5F86BA4244FE}.Release|x86.Build.0 = Release|Any CPU
		{72271608-4E2F-4BD5-B320-5D11E0B4A224}.Debug|Any CPU.ActiveCfg = Debug|Any CPU
		{72271608-4E2F-4BD5-B320-5D11E0B4A224}.Debug|Any CPU.Build.0 = Debug|Any CPU
		{72271608-4E2F-4BD5-B320-5D11E0B4A224}.Debug|x64.ActiveCfg = Debug|Any CPU
		{72271608-4E2F-4BD5-B320-5D11E0B4A224}.Debug|x64.Build.0 = Debug|Any CPU
		{72271608-4E2F-4BD5-B320-5D11E0B4A224}.Debug|x86.ActiveCfg = Debug|Any CPU
		{72271608-4E2F-4BD5-B320-5D11E0B4A224}.Debug|x86.Build.0 = Debug|Any CPU
		{72271608-4E2F-4BD5-B320-5D11E0B4A224}.Release|Any CPU.ActiveCfg = Release|Any CPU
		{72271608-4E2F-4BD5-B320-5D11E0B4A224}.Release|Any CPU.Build.0 = Release|Any CPU
		{72271608-4E2F-4BD5-B320-5D11E0B4A224}.Release|x64.ActiveCfg = Release|Any CPU
		{72271608-4E2F-4BD5-B320-5D11E0B4A224}.Release|x64.Build.0 = Release|Any CPU
		{72271608-4E2F-4BD5-B320-5D11E0B4A224}.Release|x86.ActiveCfg = Release|Any CPU
		{72271608-4E2F-4BD5-B320-5D11E0B4A224}.Release|x86.Build.0 = Release|Any CPU
		{E5CE9613-0F24-40C9-912E-2E76A59D2EBC}.Debug|Any CPU.ActiveCfg = Debug|Any CPU
		{E5CE9613-0F24-40C9-912E-2E76A59D2EBC}.Debug|Any CPU.Build.0 = Debug|Any CPU
		{E5CE9613-0F24-40C9-912E-2E76A59D2EBC}.Debug|x64.ActiveCfg = Debug|Any CPU
		{E5CE9613-0F24-40C9-912E-2E76A59D2EBC}.Debug|x64.Build.0 = Debug|Any CPU
		{E5CE9613-0F24-40C9-912E-2E76A59D2EBC}.Debug|x86.ActiveCfg = Debug|Any CPU
		{E5CE9613-0F24-40C9-912E-2E76A59D2EBC}.Debug|x86.Build.0 = Debug|Any CPU
		{E5CE9613-0F24-40C9-912E-2E76A59D2EBC}.Release|Any CPU.ActiveCfg = Release|Any CPU
		{E5CE9613-0F24-40C9-912E-2E76A59D2EBC}.Release|Any CPU.Build.0 = Release|Any CPU
		{E5CE9613-0F24-40C9-912E-2E76A59D2EBC}.Release|x64.ActiveCfg = Release|Any CPU
		{E5CE9613-0F24-40C9-912E-2E76A59D2EBC}.Release|x64.Build.0 = Release|Any CPU
		{E5CE9613-0F24-40C9-912E-2E76A59D2EBC}.Release|x86.ActiveCfg = Release|Any CPU
		{E5CE9613-0F24-40C9-912E-2E76A59D2EBC}.Release|x86.Build.0 = Release|Any CPU
		{11076734-12F0-4687-B56F-A095EC7AC64A}.Debug|Any CPU.ActiveCfg = Debug|Any CPU
		{11076734-12F0-4687-B56F-A095EC7AC64A}.Debug|Any CPU.Build.0 = Debug|Any CPU
		{11076734-12F0-4687-B56F-A095EC7AC64A}.Debug|x64.ActiveCfg = Debug|Any CPU
		{11076734-12F0-4687-B56F-A095EC7AC64A}.Debug|x64.Build.0 = Debug|Any CPU
		{11076734-12F0-4687-B56F-A095EC7AC64A}.Debug|x86.ActiveCfg = Debug|Any CPU
		{11076734-12F0-4687-B56F-A095EC7AC64A}.Debug|x86.Build.0 = Debug|Any CPU
		{11076734-12F0-4687-B56F-A095EC7AC64A}.Release|Any CPU.ActiveCfg = Release|Any CPU
		{11076734-12F0-4687-B56F-A095EC7AC64A}.Release|Any CPU.Build.0 = Release|Any CPU
		{11076734-12F0-4687-B56F-A095EC7AC64A}.Release|x64.ActiveCfg = Release|Any CPU
		{11076734-12F0-4687-B56F-A095EC7AC64A}.Release|x64.Build.0 = Release|Any CPU
		{11076734-12F0-4687-B56F-A095EC7AC64A}.Release|x86.ActiveCfg = Release|Any CPU
		{11076734-12F0-4687-B56F-A095EC7AC64A}.Release|x86.Build.0 = Release|Any CPU
		{B7A0F974-6EFD-4006-BD9B-1768C22E47A1}.Debug|Any CPU.ActiveCfg = Debug|Any CPU
		{B7A0F974-6EFD-4006-BD9B-1768C22E47A1}.Debug|Any CPU.Build.0 = Debug|Any CPU
		{B7A0F974-6EFD-4006-BD9B-1768C22E47A1}.Debug|x64.ActiveCfg = Debug|Any CPU
		{B7A0F974-6EFD-4006-BD9B-1768C22E47A1}.Debug|x64.Build.0 = Debug|Any CPU
		{B7A0F974-6EFD-4006-BD9B-1768C22E47A1}.Debug|x86.ActiveCfg = Debug|Any CPU
		{B7A0F974-6EFD-4006-BD9B-1768C22E47A1}.Debug|x86.Build.0 = Debug|Any CPU
		{B7A0F974-6EFD-4006-BD9B-1768C22E47A1}.Release|Any CPU.ActiveCfg = Release|Any CPU
		{B7A0F974-6EFD-4006-BD9B-1768C22E47A1}.Release|Any CPU.Build.0 = Release|Any CPU
		{B7A0F974-6EFD-4006-BD9B-1768C22E47A1}.Release|x64.ActiveCfg = Release|Any CPU
		{B7A0F974-6EFD-4006-BD9B-1768C22E47A1}.Release|x64.Build.0 = Release|Any CPU
		{B7A0F974-6EFD-4006-BD9B-1768C22E47A1}.Release|x86.ActiveCfg = Release|Any CPU
		{B7A0F974-6EFD-4006-BD9B-1768C22E47A1}.Release|x86.Build.0 = Release|Any CPU
		{B3F8BA75-CAF0-486F-A5A9-C2ABA73EB04D}.Debug|Any CPU.ActiveCfg = Debug|Any CPU
		{B3F8BA75-CAF0-486F-A5A9-C2ABA73EB04D}.Debug|Any CPU.Build.0 = Debug|Any CPU
		{B3F8BA75-CAF0-486F-A5A9-C2ABA73EB04D}.Debug|x64.ActiveCfg = Debug|Any CPU
		{B3F8BA75-CAF0-486F-A5A9-C2ABA73EB04D}.Debug|x64.Build.0 = Debug|Any CPU
		{B3F8BA75-CAF0-486F-A5A9-C2ABA73EB04D}.Debug|x86.ActiveCfg = Debug|Any CPU
		{B3F8BA75-CAF0-486F-A5A9-C2ABA73EB04D}.Debug|x86.Build.0 = Debug|Any CPU
		{B3F8BA75-CAF0-486F-A5A9-C2ABA73EB04D}.Release|Any CPU.ActiveCfg = Release|Any CPU
		{B3F8BA75-CAF0-486F-A5A9-C2ABA73EB04D}.Release|Any CPU.Build.0 = Release|Any CPU
		{B3F8BA75-CAF0-486F-A5A9-C2ABA73EB04D}.Release|x64.ActiveCfg = Release|Any CPU
		{B3F8BA75-CAF0-486F-A5A9-C2ABA73EB04D}.Release|x64.Build.0 = Release|Any CPU
		{B3F8BA75-CAF0-486F-A5A9-C2ABA73EB04D}.Release|x86.ActiveCfg = Release|Any CPU
		{B3F8BA75-CAF0-486F-A5A9-C2ABA73EB04D}.Release|x86.Build.0 = Release|Any CPU
	EndGlobalSection
	GlobalSection(SolutionProperties) = preSolution
		HideSolutionNode = FALSE
	EndGlobalSection
EndGlobal
