
Microsoft Visual Studio Solution File, Format Version 12.00
# Visual Studio Version 17
VisualStudioVersion = 17.0.31903.59
MinimumVisualStudioVersion = 10.0.40219.1
Project("{FAE04EC0-301F-11D3-BF4B-00C04F79EFBC}") = "AuthService.API", "AuthService.API\AuthService.API.csproj", "{D6B943CF-4DD9-4160-8E4C-00D1208D1E95}"
EndProject
Project("{FAE04EC0-301F-11D3-BF4B-00C04F79EFBC}") = "AuthService.Application", "AuthService.Application\AuthService.Application.csproj", "{33EC9628-C4C1-464B-92A1-58443245D182}"
EndProject
Project("{FAE04EC0-301F-11D3-BF4B-00C04F79EFBC}") = "AuthService.Domain", "AuthService.Domain\AuthService.Domain.csproj", "{096CC6A5-9D83-4A83-BE85-1328C8BEE3DE}"
EndProject
Project("{FAE04EC0-301F-11D3-BF4B-00C04F79EFBC}") = "AuthService.Infrastructure", "AuthService.Infrastructure\AuthService.Infrastructure.csproj", "{E05F1875-EB26-49BB-9D38-8996C1E1A08B}"
EndProject
Project("{FAE04EC0-301F-11D3-BF4B-00C04F79EFBC}") = "AuthService.Persistence", "AuthService.Persistence\AuthService.Persistence.csproj", "{A42A4EE7-D1E9-4D4B-A123-193FC23BE5CE}"
EndProject
Project("{FAE04EC0-301F-11D3-BF4B-00C04F79EFBC}") = "AuthService.Tests", "AuthService.Tests\AuthService.Tests.csproj", "{D493A8F5-8555-49E3-BBAC-44F04C172287}"
EndProject
Global
	GlobalSection(SolutionConfigurationPlatforms) = preSolution
		Debug|Any CPU = Debug|Any CPU
		Debug|x64 = Debug|x64
		Debug|x86 = Debug|x86
		Release|Any CPU = Release|Any CPU
		Release|x64 = Release|x64
		Release|x86 = Release|x86
	EndGlobalSection
	GlobalSection(ProjectConfigurationPlatforms) = postSolution
		{D6B943CF-4DD9-4160-8E4C-00D1208D1E95}.Debug|Any CPU.ActiveCfg = Debug|Any CPU
		{D6B943CF-4DD9-4160-8E4C-00D1208D1E95}.Debug|Any CPU.Build.0 = Debug|Any CPU
		{D6B943CF-4DD9-4160-8E4C-00D1208D1E95}.Debug|x64.ActiveCfg = Debug|Any CPU
		{D6B943CF-4DD9-4160-8E4C-00D1208D1E95}.Debug|x64.Build.0 = Debug|Any CPU
		{D6B943CF-4DD9-4160-8E4C-00D1208D1E95}.Debug|x86.ActiveCfg = Debug|Any CPU
		{D6B943CF-4DD9-4160-8E4C-00D1208D1E95}.Debug|x86.Build.0 = Debug|Any CPU
		{D6B943CF-4DD9-4160-8E4C-00D1208D1E95}.Release|Any CPU.ActiveCfg = Release|Any CPU
		{D6B943CF-4DD9-4160-8E4C-00D1208D1E95}.Release|Any CPU.Build.0 = Release|Any CPU
		{D6B943CF-4DD9-4160-8E4C-00D1208D1E95}.Release|x64.ActiveCfg = Release|Any CPU
		{D6B943CF-4DD9-4160-8E4C-00D1208D1E95}.Release|x64.Build.0 = Release|Any CPU
		{D6B943CF-4DD9-4160-8E4C-00D1208D1E95}.Release|x86.ActiveCfg = Release|Any CPU
		{D6B943CF-4DD9-4160-8E4C-00D1208D1E95}.Release|x86.Build.0 = Release|Any CPU
		{33EC9628-C4C1-464B-92A1-58443245D182}.Debug|Any CPU.ActiveCfg = Debug|Any CPU
		{33EC9628-C4C1-464B-92A1-58443245D182}.Debug|Any CPU.Build.0 = Debug|Any CPU
		{33EC9628-C4C1-464B-92A1-58443245D182}.Debug|x64.ActiveCfg = Debug|Any CPU
		{33EC9628-C4C1-464B-92A1-58443245D182}.Debug|x64.Build.0 = Debug|Any CPU
		{33EC9628-C4C1-464B-92A1-58443245D182}.Debug|x86.ActiveCfg = Debug|Any CPU
		{33EC9628-C4C1-464B-92A1-58443245D182}.Debug|x86.Build.0 = Debug|Any CPU
		{33EC9628-C4C1-464B-92A1-58443245D182}.Release|Any CPU.ActiveCfg = Release|Any CPU
		{33EC9628-C4C1-464B-92A1-58443245D182}.Release|Any CPU.Build.0 = Release|Any CPU
		{33EC9628-C4C1-464B-92A1-58443245D182}.Release|x64.ActiveCfg = Release|Any CPU
		{33EC9628-C4C1-464B-92A1-58443245D182}.Release|x64.Build.0 = Release|Any CPU
		{33EC9628-C4C1-464B-92A1-58443245D182}.Release|x86.ActiveCfg = Release|Any CPU
		{33EC9628-C4C1-464B-92A1-58443245D182}.Release|x86.Build.0 = Release|Any CPU
		{096CC6A5-9D83-4A83-BE85-1328C8BEE3DE}.Debug|Any CPU.ActiveCfg = Debug|Any CPU
		{096CC6A5-9D83-4A83-BE85-1328C8BEE3DE}.Debug|Any CPU.Build.0 = Debug|Any CPU
		{096CC6A5-9D83-4A83-BE85-1328C8BEE3DE}.Debug|x64.ActiveCfg = Debug|Any CPU
		{096CC6A5-9D83-4A83-BE85-1328C8BEE3DE}.Debug|x64.Build.0 = Debug|Any CPU
		{096CC6A5-9D83-4A83-BE85-1328C8BEE3DE}.Debug|x86.ActiveCfg = Debug|Any CPU
		{096CC6A5-9D83-4A83-BE85-1328C8BEE3DE}.Debug|x86.Build.0 = Debug|Any CPU
		{096CC6A5-9D83-4A83-BE85-1328C8BEE3DE}.Release|Any CPU.ActiveCfg = Release|Any CPU
		{096CC6A5-9D83-4A83-BE85-1328C8BEE3DE}.Release|Any CPU.Build.0 = Release|Any CPU
		{096CC6A5-9D83-4A83-BE85-1328C8BEE3DE}.Release|x64.ActiveCfg = Release|Any CPU
		{096CC6A5-9D83-4A83-BE85-1328C8BEE3DE}.Release|x64.Build.0 = Release|Any CPU
		{096CC6A5-9D83-4A83-BE85-1328C8BEE3DE}.Release|x86.ActiveCfg = Release|Any CPU
		{096CC6A5-9D83-4A83-BE85-1328C8BEE3DE}.Release|x86.Build.0 = Release|Any CPU
		{E05F1875-EB26-49BB-9D38-8996C1E1A08B}.Debug|Any CPU.ActiveCfg = Debug|Any CPU
		{E05F1875-EB26-49BB-9D38-8996C1E1A08B}.Debug|Any CPU.Build.0 = Debug|Any CPU
		{E05F1875-EB26-49BB-9D38-8996C1E1A08B}.Debug|x64.ActiveCfg = Debug|Any CPU
		{E05F1875-EB26-49BB-9D38-8996C1E1A08B}.Debug|x64.Build.0 = Debug|Any CPU
		{E05F1875-EB26-49BB-9D38-8996C1E1A08B}.Debug|x86.ActiveCfg = Debug|Any CPU
		{E05F1875-EB26-49BB-9D38-8996C1E1A08B}.Debug|x86.Build.0 = Debug|Any CPU
		{E05F1875-EB26-49BB-9D38-8996C1E1A08B}.Release|Any CPU.ActiveCfg = Release|Any CPU
		{E05F1875-EB26-49BB-9D38-8996C1E1A08B}.Release|Any CPU.Build.0 = Release|Any CPU
		{E05F1875-EB26-49BB-9D38-8996C1E1A08B}.Release|x64.ActiveCfg = Release|Any CPU
		{E05F1875-EB26-49BB-9D38-8996C1E1A08B}.Release|x64.Build.0 = Release|Any CPU
		{E05F1875-EB26-49BB-9D38-8996C1E1A08B}.Release|x86.ActiveCfg = Release|Any CPU
		{E05F1875-EB26-49BB-9D38-8996C1E1A08B}.Release|x86.Build.0 = Release|Any CPU
		{A42A4EE7-D1E9-4D4B-A123-193FC23BE5CE}.Debug|Any CPU.ActiveCfg = Debug|Any CPU
		{A42A4EE7-D1E9-4D4B-A123-193FC23BE5CE}.Debug|Any CPU.Build.0 = Debug|Any CPU
		{A42A4EE7-D1E9-4D4B-A123-193FC23BE5CE}.Debug|x64.ActiveCfg = Debug|Any CPU
		{A42A4EE7-D1E9-4D4B-A123-193FC23BE5CE}.Debug|x64.Build.0 = Debug|Any CPU
		{A42A4EE7-D1E9-4D4B-A123-193FC23BE5CE}.Debug|x86.ActiveCfg = Debug|Any CPU
		{A42A4EE7-D1E9-4D4B-A123-193FC23BE5CE}.Debug|x86.Build.0 = Debug|Any CPU
		{A42A4EE7-D1E9-4D4B-A123-193FC23BE5CE}.Release|Any CPU.ActiveCfg = Release|Any CPU
		{A42A4EE7-D1E9-4D4B-A123-193FC23BE5CE}.Release|Any CPU.Build.0 = Release|Any CPU
		{A42A4EE7-D1E9-4D4B-A123-193FC23BE5CE}.Release|x64.ActiveCfg = Release|Any CPU
		{A42A4EE7-D1E9-4D4B-A123-193FC23BE5CE}.Release|x64.Build.0 = Release|Any CPU
		{A42A4EE7-D1E9-4D4B-A123-193FC23BE5CE}.Release|x86.ActiveCfg = Release|Any CPU
		{A42A4EE7-D1E9-4D4B-A123-193FC23BE5CE}.Release|x86.Build.0 = Release|Any CPU
		{D493A8F5-8555-49E3-BBAC-44F04C172287}.Debug|Any CPU.ActiveCfg = Debug|Any CPU
		{D493A8F5-8555-49E3-BBAC-44F04C172287}.Debug|Any CPU.Build.0 = Debug|Any CPU
		{D493A8F5-8555-49E3-BBAC-44F04C172287}.Debug|x64.ActiveCfg = Debug|Any CPU
		{D493A8F5-8555-49E3-BBAC-44F04C172287}.Debug|x64.Build.0 = Debug|Any CPU
		{D493A8F5-8555-49E3-BBAC-44F04C172287}.Debug|x86.ActiveCfg = Debug|Any CPU
		{D493A8F5-8555-49E3-BBAC-44F04C172287}.Debug|x86.Build.0 = Debug|Any CPU
		{D493A8F5-8555-49E3-BBAC-44F04C172287}.Release|Any CPU.ActiveCfg = Release|Any CPU
		{D493A8F5-8555-49E3-BBAC-44F04C172287}.Release|Any CPU.Build.0 = Release|Any CPU
		{D493A8F5-8555-49E3-BBAC-44F04C172287}.Release|x64.ActiveCfg = Release|Any CPU
		{D493A8F5-8555-49E3-BBAC-44F04C172287}.Release|x64.Build.0 = Release|Any CPU
		{D493A8F5-8555-49E3-BBAC-44F04C172287}.Release|x86.ActiveCfg = Release|Any CPU
		{D493A8F5-8555-49E3-BBAC-44F04C172287}.Release|x86.Build.0 = Release|Any CPU
	EndGlobalSection
	GlobalSection(SolutionProperties) = preSolution
		HideSolutionNode = FALSE
	EndGlobalSection
EndGlobal
